
Microsoft Visual Studio Solution File, Format Version 12.00
# Visual Studio 15
VisualStudioVersion = 15.0.28307.168
MinimumVisualStudioVersion = 10.0.40219.1
Project("{9A19103F-16F7-4668-BE54-9A1E7A4F7556}") = "AzurePlayground.Price.Service", "AzurePlayground.Price.Service\AzurePlayground.Price.Service.csproj", "{4828FFD2-8768-4143-A2F9-4345518BD437}"
EndProject
Project("{9A19103F-16F7-4668-BE54-9A1E7A4F7556}") = "AzurePlayground.Trade.Service.Shared", "AzurePlayground.Trade.Service.Shared\AzurePlayground.Trade.Service.Shared.csproj", "{65C6C78F-A8C2-4FC1-81C9-D2592FC29A31}"
EndProject
Project("{9A19103F-16F7-4668-BE54-9A1E7A4F7556}") = "AzurePlayground.Trade.Service", "AzurePlayground.Trade.Service\AzurePlayground.Trade.Service.csproj", "{9F3501B4-4C9C-4DA6-A2F8-DACA52F4C56E}"
EndProject
Project("{9A19103F-16F7-4668-BE54-9A1E7A4F7556}") = "AzurePlayground.Authentication", "AzurePlayground.Authentication\AzurePlayground.Authentication.csproj", "{D9D32CEF-4DD0-421D-AB8F-1CE68050E615}"
EndProject
Project("{9A19103F-16F7-4668-BE54-9A1E7A4F7556}") = "Dasein.Core.Lite", "Modules\Dasein.Core.Lite\Dasein.Core.Lite\Dasein.Core.Lite.csproj", "{1DDA0B45-4E93-43C2-A026-031E90038A03}"
EndProject
Project("{9A19103F-16F7-4668-BE54-9A1E7A4F7556}") = "Dasein.Core.Lite.Shared", "Modules\Dasein.Core.Lite\Dasein.Core.Lite.Shared\Dasein.Core.Lite.Shared.csproj", "{EEAFB333-A35F-4083-A25E-D98986675C03}"
EndProject
Project("{9A19103F-16F7-4668-BE54-9A1E7A4F7556}") = "AzurePlayground.Authentication.Shared", "AzurePlayground.Authentication.Shared\AzurePlayground.Authentication.Shared.csproj", "{71E39650-266F-4A42-965D-DCBE11470094}"
EndProject
Project("{9A19103F-16F7-4668-BE54-9A1E7A4F7556}") = "AzurePlayground.Persistence", "AzurePlayground.Persistence\AzurePlayground.Persistence.csproj", "{2F486381-7693-42D8-9B74-DBF80B9D3B45}"
EndProject
Project("{9A19103F-16F7-4668-BE54-9A1E7A4F7556}") = "AzurePlayground.Persistence.Mongo", "AzurePlayground.Persistence.Mongo\AzurePlayground.Persistence.Mongo.csproj", "{468ED66A-A89A-498B-B339-56CA5CF8FC76}"
EndProject
Project("{9A19103F-16F7-4668-BE54-9A1E7A4F7556}") = "AzurePlayground.Web.App", "AzurePlayground.Web.App\AzurePlayground.Web.App.csproj", "{C1BF74A5-CD81-455F-9426-309F51884ECC}"
EndProject
Project("{E53339B2-1760-4266-BCC7-CA923CBCF16C}") = "docker-compose", "docker-compose.dcproj", "{A13B087E-58E9-4D52-B545-05DDF7A35A19}"
EndProject
Project("{9A19103F-16F7-4668-BE54-9A1E7A4F7556}") = "AzurePlayground.Gateway", "AzurePlayground.Gateway\AzurePlayground.Gateway.csproj", "{088CBE64-3F17-4B50-896B-62542D4773B1}"
EndProject
Project("{9A19103F-16F7-4668-BE54-9A1E7A4F7556}") = "AzurePlayground.Market.Service", "AzurePlayground.Market.Service\AzurePlayground.Market.Service.csproj", "{930386BF-390B-4BCD-BDB8-EC98B1C200C7}"
EndProject
Project("{9A19103F-16F7-4668-BE54-9A1E7A4F7556}") = "AzurePlayground.Compliance.Service", "AzurePlayground.Compliance.Service\AzurePlayground.Compliance.Service.csproj", "{CB26EEDF-6D35-4B26-A85F-7F858A89168C}"
EndProject
Project("{9A19103F-16F7-4668-BE54-9A1E7A4F7556}") = "AzurePlayground.Trade.Generator", "AzurePlayground.Trade.Generator\AzurePlayground.Trade.Generator.csproj", "{8BFEE555-68FC-448E-A8A2-6AD9211F7435}"
EndProject
Project("{9A19103F-16F7-4668-BE54-9A1E7A4F7556}") = "AzurePlayground.Trade.Event.Service", "AzurePlayground.Trade.Event.Service\AzurePlayground.Trade.Event.Service.csproj", "{8ACA5430-9F65-4F49-9A5D-09E1A8FBA8EE}"
EndProject
Project("{FAE04EC0-301F-11D3-BF4B-00C04F79EFBC}") = "AzurePlayground.Wpf.App", "AzurePlayground.Wpf.App\AzurePlayground.Wpf.App.csproj", "{401C5F9D-41CE-4767-8F87-3E6B7E80734E}"
EndProject
Project("{9A19103F-16F7-4668-BE54-9A1E7A4F7556}") = "EventStore.Client.Lite", "Modules\EventStore.Client.Lite\EventStore.Client.Lite\EventStore.Client.Lite.csproj", "{CD33CD69-388D-4211-BD1A-F738DEE9054B}"
EndProject
Project("{9A19103F-16F7-4668-BE54-9A1E7A4F7556}") = "EventStore.Client.Lite.Shared", "Modules\EventStore.Client.Lite\EventStore.Client.Lite.Shared\EventStore.Client.Lite.Shared.csproj", "{3D315282-18EB-4CCD-8E8C-8F254C682447}"
EndProject
Global
	GlobalSection(SolutionConfigurationPlatforms) = preSolution
		Debug|Any CPU = Debug|Any CPU
		Release|Any CPU = Release|Any CPU
	EndGlobalSection
	GlobalSection(ProjectConfigurationPlatforms) = postSolution
		{4828FFD2-8768-4143-A2F9-4345518BD437}.Debug|Any CPU.ActiveCfg = Debug|Any CPU
		{4828FFD2-8768-4143-A2F9-4345518BD437}.Debug|Any CPU.Build.0 = Debug|Any CPU
		{4828FFD2-8768-4143-A2F9-4345518BD437}.Release|Any CPU.ActiveCfg = Release|Any CPU
		{4828FFD2-8768-4143-A2F9-4345518BD437}.Release|Any CPU.Build.0 = Release|Any CPU
		{65C6C78F-A8C2-4FC1-81C9-D2592FC29A31}.Debug|Any CPU.ActiveCfg = Debug|Any CPU
		{65C6C78F-A8C2-4FC1-81C9-D2592FC29A31}.Debug|Any CPU.Build.0 = Debug|Any CPU
		{65C6C78F-A8C2-4FC1-81C9-D2592FC29A31}.Release|Any CPU.ActiveCfg = Release|Any CPU
		{65C6C78F-A8C2-4FC1-81C9-D2592FC29A31}.Release|Any CPU.Build.0 = Release|Any CPU
		{9F3501B4-4C9C-4DA6-A2F8-DACA52F4C56E}.Debug|Any CPU.ActiveCfg = Debug|Any CPU
		{9F3501B4-4C9C-4DA6-A2F8-DACA52F4C56E}.Debug|Any CPU.Build.0 = Debug|Any CPU
		{9F3501B4-4C9C-4DA6-A2F8-DACA52F4C56E}.Release|Any CPU.ActiveCfg = Release|Any CPU
		{9F3501B4-4C9C-4DA6-A2F8-DACA52F4C56E}.Release|Any CPU.Build.0 = Release|Any CPU
		{D9D32CEF-4DD0-421D-AB8F-1CE68050E615}.Debug|Any CPU.ActiveCfg = Debug|Any CPU
		{D9D32CEF-4DD0-421D-AB8F-1CE68050E615}.Debug|Any CPU.Build.0 = Debug|Any CPU
		{D9D32CEF-4DD0-421D-AB8F-1CE68050E615}.Release|Any CPU.ActiveCfg = Release|Any CPU
		{D9D32CEF-4DD0-421D-AB8F-1CE68050E615}.Release|Any CPU.Build.0 = Release|Any CPU
		{1DDA0B45-4E93-43C2-A026-031E90038A03}.Debug|Any CPU.ActiveCfg = Debug|Any CPU
		{1DDA0B45-4E93-43C2-A026-031E90038A03}.Debug|Any CPU.Build.0 = Debug|Any CPU
		{1DDA0B45-4E93-43C2-A026-031E90038A03}.Release|Any CPU.ActiveCfg = Release|Any CPU
		{1DDA0B45-4E93-43C2-A026-031E90038A03}.Release|Any CPU.Build.0 = Release|Any CPU
		{EEAFB333-A35F-4083-A25E-D98986675C03}.Debug|Any CPU.ActiveCfg = Debug|Any CPU
		{EEAFB333-A35F-4083-A25E-D98986675C03}.Debug|Any CPU.Build.0 = Debug|Any CPU
		{EEAFB333-A35F-4083-A25E-D98986675C03}.Release|Any CPU.ActiveCfg = Release|Any CPU
		{EEAFB333-A35F-4083-A25E-D98986675C03}.Release|Any CPU.Build.0 = Release|Any CPU
		{71E39650-266F-4A42-965D-DCBE11470094}.Debug|Any CPU.ActiveCfg = Debug|Any CPU
		{71E39650-266F-4A42-965D-DCBE11470094}.Debug|Any CPU.Build.0 = Debug|Any CPU
		{71E39650-266F-4A42-965D-DCBE11470094}.Release|Any CPU.ActiveCfg = Release|Any CPU
		{71E39650-266F-4A42-965D-DCBE11470094}.Release|Any CPU.Build.0 = Release|Any CPU
		{2F486381-7693-42D8-9B74-DBF80B9D3B45}.Debug|Any CPU.ActiveCfg = Debug|Any CPU
		{2F486381-7693-42D8-9B74-DBF80B9D3B45}.Debug|Any CPU.Build.0 = Debug|Any CPU
		{2F486381-7693-42D8-9B74-DBF80B9D3B45}.Release|Any CPU.ActiveCfg = Release|Any CPU
		{2F486381-7693-42D8-9B74-DBF80B9D3B45}.Release|Any CPU.Build.0 = Release|Any CPU
		{468ED66A-A89A-498B-B339-56CA5CF8FC76}.Debug|Any CPU.ActiveCfg = Debug|Any CPU
		{468ED66A-A89A-498B-B339-56CA5CF8FC76}.Debug|Any CPU.Build.0 = Debug|Any CPU
		{468ED66A-A89A-498B-B339-56CA5CF8FC76}.Release|Any CPU.ActiveCfg = Release|Any CPU
		{468ED66A-A89A-498B-B339-56CA5CF8FC76}.Release|Any CPU.Build.0 = Release|Any CPU
		{C1BF74A5-CD81-455F-9426-309F51884ECC}.Debug|Any CPU.ActiveCfg = Debug|Any CPU
		{C1BF74A5-CD81-455F-9426-309F51884ECC}.Debug|Any CPU.Build.0 = Debug|Any CPU
		{C1BF74A5-CD81-455F-9426-309F51884ECC}.Release|Any CPU.ActiveCfg = Release|Any CPU
		{C1BF74A5-CD81-455F-9426-309F51884ECC}.Release|Any CPU.Build.0 = Release|Any CPU
		{A13B087E-58E9-4D52-B545-05DDF7A35A19}.Debug|Any CPU.ActiveCfg = Debug|Any CPU
		{A13B087E-58E9-4D52-B545-05DDF7A35A19}.Debug|Any CPU.Build.0 = Debug|Any CPU
		{A13B087E-58E9-4D52-B545-05DDF7A35A19}.Release|Any CPU.ActiveCfg = Release|Any CPU
		{A13B087E-58E9-4D52-B545-05DDF7A35A19}.Release|Any CPU.Build.0 = Release|Any CPU
		{088CBE64-3F17-4B50-896B-62542D4773B1}.Debug|Any CPU.ActiveCfg = Debug|Any CPU
		{088CBE64-3F17-4B50-896B-62542D4773B1}.Debug|Any CPU.Build.0 = Debug|Any CPU
		{088CBE64-3F17-4B50-896B-62542D4773B1}.Release|Any CPU.ActiveCfg = Release|Any CPU
		{088CBE64-3F17-4B50-896B-62542D4773B1}.Release|Any CPU.Build.0 = Release|Any CPU
		{930386BF-390B-4BCD-BDB8-EC98B1C200C7}.Debug|Any CPU.ActiveCfg = Debug|Any CPU
		{930386BF-390B-4BCD-BDB8-EC98B1C200C7}.Debug|Any CPU.Build.0 = Debug|Any CPU
		{930386BF-390B-4BCD-BDB8-EC98B1C200C7}.Release|Any CPU.ActiveCfg = Release|Any CPU
		{930386BF-390B-4BCD-BDB8-EC98B1C200C7}.Release|Any CPU.Build.0 = Release|Any CPU
		{CB26EEDF-6D35-4B26-A85F-7F858A89168C}.Debug|Any CPU.ActiveCfg = Debug|Any CPU
		{CB26EEDF-6D35-4B26-A85F-7F858A89168C}.Debug|Any CPU.Build.0 = Debug|Any CPU
		{CB26EEDF-6D35-4B26-A85F-7F858A89168C}.Release|Any CPU.ActiveCfg = Release|Any CPU
		{CB26EEDF-6D35-4B26-A85F-7F858A89168C}.Release|Any CPU.Build.0 = Release|Any CPU
		{8BFEE555-68FC-448E-A8A2-6AD9211F7435}.Debug|Any CPU.ActiveCfg = Debug|Any CPU
		{8BFEE555-68FC-448E-A8A2-6AD9211F7435}.Debug|Any CPU.Build.0 = Debug|Any CPU
		{8BFEE555-68FC-448E-A8A2-6AD9211F7435}.Release|Any CPU.ActiveCfg = Release|Any CPU
		{8BFEE555-68FC-448E-A8A2-6AD9211F7435}.Release|Any CPU.Build.0 = Release|Any CPU
		{8ACA5430-9F65-4F49-9A5D-09E1A8FBA8EE}.Debug|Any CPU.ActiveCfg = Debug|Any CPU
		{8ACA5430-9F65-4F49-9A5D-09E1A8FBA8EE}.Debug|Any CPU.Build.0 = Debug|Any CPU
		{8ACA5430-9F65-4F49-9A5D-09E1A8FBA8EE}.Release|Any CPU.ActiveCfg = Release|Any CPU
		{8ACA5430-9F65-4F49-9A5D-09E1A8FBA8EE}.Release|Any CPU.Build.0 = Release|Any CPU
		{401C5F9D-41CE-4767-8F87-3E6B7E80734E}.Debug|Any CPU.ActiveCfg = Debug|Any CPU
		{401C5F9D-41CE-4767-8F87-3E6B7E80734E}.Debug|Any CPU.Build.0 = Debug|Any CPU
		{401C5F9D-41CE-4767-8F87-3E6B7E80734E}.Release|Any CPU.ActiveCfg = Release|Any CPU
		{401C5F9D-41CE-4767-8F87-3E6B7E80734E}.Release|Any CPU.Build.0 = Release|Any CPU
		{CD33CD69-388D-4211-BD1A-F738DEE9054B}.Debug|Any CPU.ActiveCfg = Debug|Any CPU
		{CD33CD69-388D-4211-BD1A-F738DEE9054B}.Debug|Any CPU.Build.0 = Debug|Any CPU
		{CD33CD69-388D-4211-BD1A-F738DEE9054B}.Release|Any CPU.ActiveCfg = Release|Any CPU
		{CD33CD69-388D-4211-BD1A-F738DEE9054B}.Release|Any CPU.Build.0 = Release|Any CPU
		{3D315282-18EB-4CCD-8E8C-8F254C682447}.Debug|Any CPU.ActiveCfg = Debug|Any CPU
		{3D315282-18EB-4CCD-8E8C-8F254C682447}.Debug|Any CPU.Build.0 = Debug|Any CPU
		{3D315282-18EB-4CCD-8E8C-8F254C682447}.Release|Any CPU.ActiveCfg = Release|Any CPU
		{3D315282-18EB-4CCD-8E8C-8F254C682447}.Release|Any CPU.Build.0 = Release|Any CPU
	EndGlobalSection
	GlobalSection(SolutionProperties) = preSolution
		HideSolutionNode = FALSE
	EndGlobalSection
	GlobalSection(ExtensibilityGlobals) = postSolution
		SolutionGuid = {4DAD90B0-67BF-4947-8A7C-68D5706BD9CE}
	EndGlobalSection
EndGlobal
